
Microsoft Visual Studio Solution File, Format Version 12.00
# Visual Studio 15
VisualStudioVersion = 15.0.27428.2037
MinimumVisualStudioVersion = 10.0.40219.1
Project("{FAE04EC0-301F-11D3-BF4B-00C04F79EFBC}") = "Wyhb.Joe.Cloning", "Wyhb.Joe.Cloning\Wyhb.Joe.Cloning.csproj", "{CCF1B63B-3A7E-4C0F-B3F5-F8793DBB171F}"
EndProject
Global
	GlobalSection(SolutionConfigurationPlatforms) = preSolution
		Debug|Any CPU = Debug|Any CPU
		Release|Any CPU = Release|Any CPU
	EndGlobalSection
	GlobalSection(ProjectConfigurationPlatforms) = postSolution
		{CCF1B63B-3A7E-4C0F-B3F5-F8793DBB171F}.Debug|Any CPU.ActiveCfg = Debug|Any CPU
		{CCF1B63B-3A7E-4C0F-B3F5-F8793DBB171F}.Debug|Any CPU.Build.0 = Debug|Any CPU
		{CCF1B63B-3A7E-4C0F-B3F5-F8793DBB171F}.Release|Any CPU.ActiveCfg = Release|Any CPU
		{CCF1B63B-3A7E-4C0F-B3F5-F8793DBB171F}.Release|Any CPU.Build.0 = Release|Any CPU
	EndGlobalSection
	GlobalSection(SolutionProperties) = preSolution
		HideSolutionNode = FALSE
	EndGlobalSection
	GlobalSection(ExtensibilityGlobals) = postSolution
		SolutionGuid = {7627E59F-67C5-4964-B11C-6F0A4ADEB642}
	EndGlobalSection
EndGlobal
